// !$*UTF8*$!
{
	archiveVersion = 1;
	classes = {
	};
	objectVersion = 50;
	objects = {

/* Begin PBXBuildFile section */
		7AC3F1BE22B0F84300A2677C /* AppDelegate.swift in Sources */ = {isa = PBXBuildFile; fileRef = 7AC3F1BD22B0F84300A2677C /* AppDelegate.swift */; };
		7AC3F1C022B0F84300A2677C /* SceneDelegate.swift in Sources */ = {isa = PBXBuildFile; fileRef = 7AC3F1BF22B0F84300A2677C /* SceneDelegate.swift */; };
		7AC3F1C222B0F84300A2677C /* ContentView.swift in Sources */ = {isa = PBXBuildFile; fileRef = 7AC3F1C122B0F84300A2677C /* ContentView.swift */; };
		7AC3F1C422B0F84400A2677C /* Assets.xcassets in Resources */ = {isa = PBXBuildFile; fileRef = 7AC3F1C322B0F84400A2677C /* Assets.xcassets */; };
		7AC3F1C722B0F84400A2677C /* Preview Assets.xcassets in Resources */ = {isa = PBXBuildFile; fileRef = 7AC3F1C622B0F84400A2677C /* Preview Assets.xcassets */; };
		7AC3F1CA22B0F84400A2677C /* LaunchScreen.storyboard in Resources */ = {isa = PBXBuildFile; fileRef = 7AC3F1C822B0F84400A2677C /* LaunchScreen.storyboard */; };
		7AC3F1D522B0F84400A2677C /* DYZBTests.swift in Sources */ = {isa = PBXBuildFile; fileRef = 7AC3F1D422B0F84400A2677C /* DYZBTests.swift */; };
		7AC3F1E022B0F84400A2677C /* DYZBUITests.swift in Sources */ = {isa = PBXBuildFile; fileRef = 7AC3F1DF22B0F84400A2677C /* DYZBUITests.swift */; };
/* End PBXBuildFile section */

/* Begin PBXContainerItemProxy section */
		7AC3F1D122B0F84400A2677C /* PBXContainerItemProxy */ = {
			isa = PBXContainerItemProxy;
			containerPortal = 7AC3F1B222B0F84300A2677C /* Project object */;
			proxyType = 1;
			remoteGlobalIDString = 7AC3F1B922B0F84300A2677C;
			remoteInfo = DYZB;
		};
		7AC3F1DC22B0F84400A2677C /* PBXContainerItemProxy */ = {
			isa = PBXContainerItemProxy;
			containerPortal = 7AC3F1B222B0F84300A2677C /* Project object */;
			proxyType = 1;
			remoteGlobalIDString = 7AC3F1B922B0F84300A2677C;
			remoteInfo = DYZB;
		};
/* End PBXContainerItemProxy section */

/* Begin PBXFileReference section */
		7AC3F1BA22B0F84300A2677C /* DYZB.app */ = {isa = PBXFileReference; explicitFileType = wrapper.application; includeInIndex = 0; path = DYZB.app; sourceTree = BUILT_PRODUCTS_DIR; };
		7AC3F1BD22B0F84300A2677C /* AppDelegate.swift */ = {isa = PBXFileReference; lastKnownFileType = sourcecode.swift; path = AppDelegate.swift; sourceTree = "<group>"; };
		7AC3F1BF22B0F84300A2677C /* SceneDelegate.swift */ = {isa = PBXFileReference; lastKnownFileType = sourcecode.swift; path = SceneDelegate.swift; sourceTree = "<group>"; };
		7AC3F1C122B0F84300A2677C /* ContentView.swift */ = {isa = PBXFileReference; lastKnownFileType = sourcecode.swift; path = ContentView.swift; sourceTree = "<group>"; };
		7AC3F1C322B0F84400A2677C /* Assets.xcassets */ = {isa = PBXFileReference; lastKnownFileType = folder.assetcatalog; path = Assets.xcassets; sourceTree = "<group>"; };
		7AC3F1C622B0F84400A2677C /* Preview Assets.xcassets */ = {isa = PBXFileReference; lastKnownFileType = folder.assetcatalog; path = "Preview Assets.xcassets"; sourceTree = "<group>"; };
		7AC3F1C922B0F84400A2677C /* Base */ = {isa = PBXFileReference; lastKnownFileType = file.storyboard; name = Base; path = Base.lproj/LaunchScreen.storyboard; sourceTree = "<group>"; };
		7AC3F1CB22B0F84400A2677C /* Info.plist */ = {isa = PBXFileReference; lastKnownFileType = text.plist.xml; path = Info.plist; sourceTree = "<group>"; };
		7AC3F1D022B0F84400A2677C /* DYZBTests.xctest */ = {isa = PBXFileReference; explicitFileType = wrapper.cfbundle; includeInIndex = 0; path = DYZBTests.xctest; sourceTree = BUILT_PRODUCTS_DIR; };
		7AC3F1D422B0F84400A2677C /* DYZBTests.swift */ = {isa = PBXFileReference; lastKnownFileType = sourcecode.swift; path = DYZBTests.swift; sourceTree = "<group>"; };
		7AC3F1D622B0F84400A2677C /* Info.plist */ = {isa = PBXFileReference; lastKnownFileType = text.plist.xml; path = Info.plist; sourceTree = "<group>"; };
		7AC3F1DB22B0F84400A2677C /* DYZBUITests.xctest */ = {isa = PBXFileReference; explicitFileType = wrapper.cfbundle; includeInIndex = 0; path = DYZBUITests.xctest; sourceTree = BUILT_PRODUCTS_DIR; };
		7AC3F1DF22B0F84400A2677C /* DYZBUITests.swift */ = {isa = PBXFileReference; lastKnownFileType = sourcecode.swift; path = DYZBUITests.swift; sourceTree = "<group>"; };
		7AC3F1E122B0F84400A2677C /* Info.plist */ = {isa = PBXFileReference; lastKnownFileType = text.plist.xml; path = Info.plist; sourceTree = "<group>"; };
/* End PBXFileReference section */

/* Begin PBXFrameworksBuildPhase section */
		7AC3F1B722B0F84300A2677C /* Frameworks */ = {
			isa = PBXFrameworksBuildPhase;
			buildActionMask = 2147483647;
			files = (
			);
			runOnlyForDeploymentPostprocessing = 0;
		};
		7AC3F1CD22B0F84400A2677C /* Frameworks */ = {
			isa = PBXFrameworksBuildPhase;
			buildActionMask = 2147483647;
			files = (
			);
			runOnlyForDeploymentPostprocessing = 0;
		};
		7AC3F1D822B0F84400A2677C /* Frameworks */ = {
			isa = PBXFrameworksBuildPhase;
			buildActionMask = 2147483647;
			files = (
			);
			runOnlyForDeploymentPostprocessing = 0;
		};
/* End PBXFrameworksBuildPhase section */

/* Begin PBXGroup section */
		7AC3F1B122B0F84300A2677C = {
			isa = PBXGroup;
			children = (
				7AC3F1BC22B0F84300A2677C /* DYZB */,
				7AC3F1D322B0F84400A2677C /* DYZBTests */,
				7AC3F1DE22B0F84400A2677C /* DYZBUITests */,
				7AC3F1BB22B0F84300A2677C /* Products */,
			);
			sourceTree = "<group>";
		};
		7AC3F1BB22B0F84300A2677C /* Products */ = {
			isa = PBXGroup;
			children = (
				7AC3F1BA22B0F84300A2677C /* DYZB.app */,
				7AC3F1D022B0F84400A2677C /* DYZBTests.xctest */,
				7AC3F1DB22B0F84400A2677C /* DYZBUITests.xctest */,
			);
			name = Products;
			sourceTree = "<group>";
		};
		7AC3F1BC22B0F84300A2677C /* DYZB */ = {
			isa = PBXGroup;
			children = (
				7AC3F1BD22B0F84300A2677C /* AppDelegate.swift */,
				7AC3F1BF22B0F84300A2677C /* SceneDelegate.swift */,
				7AC3F1C122B0F84300A2677C /* ContentView.swift */,
				7AC3F1C322B0F84400A2677C /* Assets.xcassets */,
				7AC3F1C822B0F84400A2677C /* LaunchScreen.storyboard */,
				7AC3F1CB22B0F84400A2677C /* Info.plist */,
				7AC3F1C522B0F84400A2677C /* Preview Content */,
			);
			path = DYZB;
			sourceTree = "<group>";
		};
		7AC3F1C522B0F84400A2677C /* Preview Content */ = {
			isa = PBXGroup;
			children = (
				7AC3F1C622B0F84400A2677C /* Preview Assets.xcassets */,
			);
			path = "Preview Content";
			sourceTree = "<group>";
		};
		7AC3F1D322B0F84400A2677C /* DYZBTests */ = {
			isa = PBXGroup;
			children = (
				7AC3F1D422B0F84400A2677C /* DYZBTests.swift */,
				7AC3F1D622B0F84400A2677C /* Info.plist */,
			);
			path = DYZBTests;
			sourceTree = "<group>";
		};
		7AC3F1DE22B0F84400A2677C /* DYZBUITests */ = {
			isa = PBXGroup;
			children = (
				7AC3F1DF22B0F84400A2677C /* DYZBUITests.swift */,
				7AC3F1E122B0F84400A2677C /* Info.plist */,
			);
			path = DYZBUITests;
			sourceTree = "<group>";
		};
/* End PBXGroup section */

/* Begin PBXNativeTarget section */
		7AC3F1B922B0F84300A2677C /* DYZB */ = {
			isa = PBXNativeTarget;
			buildConfigurationList = 7AC3F1E422B0F84400A2677C /* Build configuration list for PBXNativeTarget "DYZB" */;
			buildPhases = (
				7AC3F1B622B0F84300A2677C /* Sources */,
				7AC3F1B722B0F84300A2677C /* Frameworks */,
				7AC3F1B822B0F84300A2677C /* Resources */,
			);
			buildRules = (
			);
			dependencies = (
			);
			name = DYZB;
			productName = DYZB;
			productReference = 7AC3F1BA22B0F84300A2677C /* DYZB.app */;
			productType = "com.apple.product-type.application";
		};
		7AC3F1CF22B0F84400A2677C /* DYZBTests */ = {
			isa = PBXNativeTarget;
			buildConfigurationList = 7AC3F1E722B0F84400A2677C /* Build configuration list for PBXNativeTarget "DYZBTests" */;
			buildPhases = (
				7AC3F1CC22B0F84400A2677C /* Sources */,
				7AC3F1CD22B0F84400A2677C /* Frameworks */,
				7AC3F1CE22B0F84400A2677C /* Resources */,
			);
			buildRules = (
			);
			dependencies = (
				7AC3F1D222B0F84400A2677C /* PBXTargetDependency */,
			);
			name = DYZBTests;
			productName = DYZBTests;
			productReference = 7AC3F1D022B0F84400A2677C /* DYZBTests.xctest */;
			productType = "com.apple.product-type.bundle.unit-test";
		};
		7AC3F1DA22B0F84400A2677C /* DYZBUITests */ = {
			isa = PBXNativeTarget;
			buildConfigurationList = 7AC3F1EA22B0F84400A2677C /* Build configuration list for PBXNativeTarget "DYZBUITests" */;
			buildPhases = (
				7AC3F1D722B0F84400A2677C /* Sources */,
				7AC3F1D822B0F84400A2677C /* Frameworks */,
				7AC3F1D922B0F84400A2677C /* Resources */,
			);
			buildRules = (
			);
			dependencies = (
				7AC3F1DD22B0F84400A2677C /* PBXTargetDependency */,
			);
			name = DYZBUITests;
			productName = DYZBUITests;
			productReference = 7AC3F1DB22B0F84400A2677C /* DYZBUITests.xctest */;
			productType = "com.apple.product-type.bundle.ui-testing";
		};
/* End PBXNativeTarget section */

/* Begin PBXProject section */
		7AC3F1B222B0F84300A2677C /* Project object */ = {
			isa = PBXProject;
			attributes = {
				LastSwiftUpdateCheck = 1100;
				LastUpgradeCheck = 1100;
				ORGANIZATIONNAME = leeco;
				TargetAttributes = {
					7AC3F1B922B0F84300A2677C = {
						CreatedOnToolsVersion = 11.0;
					};
					7AC3F1CF22B0F84400A2677C = {
						CreatedOnToolsVersion = 11.0;
						TestTargetID = 7AC3F1B922B0F84300A2677C;
					};
					7AC3F1DA22B0F84400A2677C = {
						CreatedOnToolsVersion = 11.0;
						TestTargetID = 7AC3F1B922B0F84300A2677C;
					};
				};
			};
			buildConfigurationList = 7AC3F1B522B0F84300A2677C /* Build configuration list for PBXProject "DYZB" */;
			compatibilityVersion = "Xcode 9.3";
			developmentRegion = en;
			hasScannedForEncodings = 0;
			knownRegions = (
				en,
				Base,
			);
			mainGroup = 7AC3F1B122B0F84300A2677C;
			productRefGroup = 7AC3F1BB22B0F84300A2677C /* Products */;
			projectDirPath = "";
			projectRoot = "";
			targets = (
				7AC3F1B922B0F84300A2677C /* DYZB */,
				7AC3F1CF22B0F84400A2677C /* DYZBTests */,
				7AC3F1DA22B0F84400A2677C /* DYZBUITests */,
			);
		};
/* End PBXProject section */

/* Begin PBXResourcesBuildPhase section */
		7AC3F1B822B0F84300A2677C /* Resources */ = {
			isa = PBXResourcesBuildPhase;
			buildActionMask = 2147483647;
			files = (
				7AC3F1CA22B0F84400A2677C /* LaunchScreen.storyboard in Resources */,
				7AC3F1C722B0F84400A2677C /* Preview Assets.xcassets in Resources */,
				7AC3F1C422B0F84400A2677C /* Assets.xcassets in Resources */,
			);
			runOnlyForDeploymentPostprocessing = 0;
		};
		7AC3F1CE22B0F84400A2677C /* Resources */ = {
			isa = PBXResourcesBuildPhase;
			buildActionMask = 2147483647;
			files = (
			);
			runOnlyForDeploymentPostprocessing = 0;
		};
		7AC3F1D922B0F84400A2677C /* Resources */ = {
			isa = PBXResourcesBuildPhase;
			buildActionMask = 2147483647;
			files = (
			);
			runOnlyForDeploymentPostprocessing = 0;
		};
/* End PBXResourcesBuildPhase section */

/* Begin PBXSourcesBuildPhase section */
		7AC3F1B622B0F84300A2677C /* Sources */ = {
			isa = PBXSourcesBuildPhase;
			buildActionMask = 2147483647;
			files = (
				7AC3F1BE22B0F84300A2677C /* AppDelegate.swift in Sources */,
				7AC3F1C022B0F84300A2677C /* SceneDelegate.swift in Sources */,
				7AC3F1C222B0F84300A2677C /* ContentView.swift in Sources */,
			);
			runOnlyForDeploymentPostprocessing = 0;
		};
		7AC3F1CC22B0F84400A2677C /* Sources */ = {
			isa = PBXSourcesBuildPhase;
			buildActionMask = 2147483647;
			files = (
				7AC3F1D522B0F84400A2677C /* DYZBTests.swift in Sources */,
			);
			runOnlyForDeploymentPostprocessing = 0;
		};
		7AC3F1D722B0F84400A2677C /* Sources */ = {
			isa = PBXSourcesBuildPhase;
			buildActionMask = 2147483647;
			files = (
				7AC3F1E022B0F84400A2677C /* DYZBUITests.swift in Sources */,
			);
			runOnlyForDeploymentPostprocessing = 0;
		};
/* End PBXSourcesBuildPhase section */

/* Begin PBXTargetDependency section */
		7AC3F1D222B0F84400A2677C /* PBXTargetDependency */ = {
			isa = PBXTargetDependency;
			target = 7AC3F1B922B0F84300A2677C /* DYZB */;
			targetProxy = 7AC3F1D122B0F84400A2677C /* PBXContainerItemProxy */;
		};
		7AC3F1DD22B0F84400A2677C /* PBXTargetDependency */ = {
			isa = PBXTargetDependency;
			target = 7AC3F1B922B0F84300A2677C /* DYZB */;
			targetProxy = 7AC3F1DC22B0F84400A2677C /* PBXContainerItemProxy */;
		};
/* End PBXTargetDependency section */

/* Begin PBXVariantGroup section */
		7AC3F1C822B0F84400A2677C /* LaunchScreen.storyboard */ = {
			isa = PBXVariantGroup;
			children = (
				7AC3F1C922B0F84400A2677C /* Base */,
			);
			name = LaunchScreen.storyboard;
			sourceTree = "<group>";
		};
/* End PBXVariantGroup section */

/* Begin XCBuildConfiguration section */
		7AC3F1E222B0F84400A2677C /* Debug */ = {
			isa = XCBuildConfiguration;
			buildSettings = {
				ALWAYS_SEARCH_USER_PATHS = NO;
				CLANG_ANALYZER_NONNULL = YES;
				CLANG_ANALYZER_NUMBER_OBJECT_CONVERSION = YES_AGGRESSIVE;
				CLANG_CXX_LANGUAGE_STANDARD = "gnu++14";
				CLANG_CXX_LIBRARY = "libc++";
				CLANG_ENABLE_MODULES = YES;
				CLANG_ENABLE_OBJC_ARC = YES;
				CLANG_ENABLE_OBJC_WEAK = YES;
				CLANG_WARN_BLOCK_CAPTURE_AUTORELEASING = YES;
				CLANG_WARN_BOOL_CONVERSION = YES;
				CLANG_WARN_COMMA = YES;
				CLANG_WARN_CONSTANT_CONVERSION = YES;
				CLANG_WARN_DEPRECATED_OBJC_IMPLEMENTATIONS = YES;
				CLANG_WARN_DIRECT_OBJC_ISA_USAGE = YES_ERROR;
				CLANG_WARN_DOCUMENTATION_COMMENTS = YES;
				CLANG_WARN_EMPTY_BODY = YES;
				CLANG_WARN_ENUM_CONVERSION = YES;
				CLANG_WARN_INFINITE_RECURSION = YES;
				CLANG_WARN_INT_CONVERSION = YES;
				CLANG_WARN_NON_LITERAL_NULL_CONVERSION = YES;
				CLANG_WARN_OBJC_IMPLICIT_RETAIN_SELF = YES;
				CLANG_WARN_OBJC_LITERAL_CONVERSION = YES;
				CLANG_WARN_OBJC_ROOT_CLASS = YES_ERROR;
				CLANG_WARN_RANGE_LOOP_ANALYSIS = YES;
				CLANG_WARN_STRICT_PROTOTYPES = YES;
				CLANG_WARN_SUSPICIOUS_MOVE = YES;
				CLANG_WARN_UNGUARDED_AVAILABILITY = YES_AGGRESSIVE;
				CLANG_WARN_UNREACHABLE_CODE = YES;
				CLANG_WARN__DUPLICATE_METHOD_MATCH = YES;
				COPY_PHASE_STRIP = NO;
				DEBUG_INFORMATION_FORMAT = dwarf;
				ENABLE_STRICT_OBJC_MSGSEND = YES;
				ENABLE_TESTABILITY = YES;
				GCC_C_LANGUAGE_STANDARD = gnu11;
				GCC_DYNAMIC_NO_PIC = NO;
				GCC_NO_COMMON_BLOCKS = YES;
				GCC_OPTIMIZATION_LEVEL = 0;
				GCC_PREPROCESSOR_DEFINITIONS = (
					"DEBUG=1",
					"$(inherited)",
				);
				GCC_WARN_64_TO_32_BIT_CONVERSION = YES;
				GCC_WARN_ABOUT_RETURN_TYPE = YES_ERROR;
				GCC_WARN_UNDECLARED_SELECTOR = YES;
				GCC_WARN_UNINITIALIZED_AUTOS = YES_AGGRESSIVE;
				GCC_WARN_UNUSED_FUNCTION = YES;
				GCC_WARN_UNUSED_VARIABLE = YES;
				IPHONEOS_DEPLOYMENT_TARGET = 13.0;
				MTL_ENABLE_DEBUG_INFO = INCLUDE_SOURCE;
				MTL_FAST_MATH = YES;
				ONLY_ACTIVE_ARCH = YES;
				SDKROOT = iphoneos;
				SWIFT_ACTIVE_COMPILATION_CONDITIONS = DEBUG;
				SWIFT_OPTIMIZATION_LEVEL = "-Onone";
			};
			name = Debug;
		};
		7AC3F1E322B0F84400A2677C /* Release */ = {
			isa = XCBuildConfiguration;
			buildSettings = {
				ALWAYS_SEARCH_USER_PATHS = NO;
				CLANG_ANALYZER_NONNULL = YES;
				CLANG_ANALYZER_NUMBER_OBJECT_CONVERSION = YES_AGGRESSIVE;
				CLANG_CXX_LANGUAGE_STANDARD = "gnu++14";
				CLANG_CXX_LIBRARY = "libc++";
				CLANG_ENABLE_MODULES = YES;
				CLANG_ENABLE_OBJC_ARC = YES;
				CLANG_ENABLE_OBJC_WEAK = YES;
				CLANG_WARN_BLOCK_CAPTURE_AUTORELEASING = YES;
				CLANG_WARN_BOOL_CONVERSION = YES;
				CLANG_WARN_COMMA = YES;
				CLANG_WARN_CONSTANT_CONVERSION = YES;
				CLANG_WARN_DEPRECATED_OBJC_IMPLEMENTATIONS = YES;
				CLANG_WARN_DIRECT_OBJC_ISA_USAGE = YES_ERROR;
				CLANG_WARN_DOCUMENTATION_COMMENTS = YES;
				CLANG_WARN_EMPTY_BODY = YES;
				CLANG_WARN_ENUM_CONVERSION = YES;
				CLANG_WARN_INFINITE_RECURSION = YES;
				CLANG_WARN_INT_CONVERSION = YES;
				CLANG_WARN_NON_LITERAL_NULL_CONVERSION = YES;
				CLANG_WARN_OBJC_IMPLICIT_RETAIN_SELF = YES;
				CLANG_WARN_OBJC_LITERAL_CONVERSION = YES;
				CLANG_WARN_OBJC_ROOT_CLASS = YES_ERROR;
				CLANG_WARN_RANGE_LOOP_ANALYSIS = YES;
				CLANG_WARN_STRICT_PROTOTYPES = YES;
				CLANG_WARN_SUSPICIOUS_MOVE = YES;
				CLANG_WARN_UNGUARDED_AVAILABILITY = YES_AGGRESSIVE;
				CLANG_WARN_UNREACHABLE_CODE = YES;
				CLANG_WARN__DUPLICATE_METHOD_MATCH = YES;
				COPY_PHASE_STRIP = NO;
				DEBUG_INFORMATION_FORMAT = "dwarf-with-dsym";
				ENABLE_NS_ASSERTIONS = NO;
				ENABLE_STRICT_OBJC_MSGSEND = YES;
				GCC_C_LANGUAGE_STANDARD = gnu11;
				GCC_NO_COMMON_BLOCKS = YES;
				GCC_WARN_64_TO_32_BIT_CONVERSION = YES;
				GCC_WARN_ABOUT_RETURN_TYPE = YES_ERROR;
				GCC_WARN_UNDECLARED_SELECTOR = YES;
				GCC_WARN_UNINITIALIZED_AUTOS = YES_AGGRESSIVE;
				GCC_WARN_UNUSED_FUNCTION = YES;
				GCC_WARN_UNUSED_VARIABLE = YES;
				IPHONEOS_DEPLOYMENT_TARGET = 13.0;
				MTL_ENABLE_DEBUG_INFO = NO;
				MTL_FAST_MATH = YES;
				SDKROOT = iphoneos;
				SWIFT_COMPILATION_MODE = wholemodule;
				SWIFT_OPTIMIZATION_LEVEL = "-O";
				VALIDATE_PRODUCT = YES;
			};
			name = Release;
		};
		7AC3F1E522B0F84400A2677C /* Debug */ = {
			isa = XCBuildConfiguration;
			buildSettings = {
				ASSETCATALOG_COMPILER_APPICON_NAME = AppIcon;
				CODE_SIGN_STYLE = Automatic;
				DEVELOPMENT_ASSET_PATHS = "DYZB/Preview\\ Content";
				DEVELOPMENT_TEAM = 8N4HN46RE4;
				ENABLE_PREVIEWS = YES;
				INFOPLIST_FILE = DYZB/Info.plist;
				LD_RUNPATH_SEARCH_PATHS = (
					"$(inherited)",
					"@executable_path/Frameworks",
				);
				PRODUCT_BUNDLE_IDENTIFIER = le.DYZB;
				PRODUCT_NAME = "$(TARGET_NAME)";
				SWIFT_VERSION = 5.0;
				TARGETED_DEVICE_FAMILY = "1,2";
			};
			name = Debug;
		};
		7AC3F1E622B0F84400A2677C /* Release */ = {
			isa = XCBuildConfiguration;
			buildSettings = {
				ASSETCATALOG_COMPILER_APPICON_NAME = AppIcon;
				CODE_SIGN_STYLE = Automatic;
				DEVELOPMENT_ASSET_PATHS = "DYZB/Preview\\ Content";
				DEVELOPMENT_TEAM = 8N4HN46RE4;
				ENABLE_PREVIEWS = YES;
				INFOPLIST_FILE = DYZB/Info.plist;
				LD_RUNPATH_SEARCH_PATHS = (
					"$(inherited)",
					"@executable_path/Frameworks",
				);
				PRODUCT_BUNDLE_IDENTIFIER = le.DYZB;
				PRODUCT_NAME = "$(TARGET_NAME)";
				SWIFT_VERSION = 5.0;
				TARGETED_DEVICE_FAMILY = "1,2";
			};
			name = Release;
		};
		7AC3F1E822B0F84400A2677C /* Debug */ = {
			isa = XCBuildConfiguration;
			buildSettings = {
				ALWAYS_EMBED_SWIFT_STANDARD_LIBRARIES = YES;
				BUNDLE_LOADER = "$(TEST_HOST)";
				CODE_SIGN_STYLE = Automatic;
				DEVELOPMENT_TEAM = 8N4HN46RE4;
				INFOPLIST_FILE = DYZBTests/Info.plist;
				LD_RUNPATH_SEARCH_PATHS = (
					"$(inherited)",
					"@executable_path/Frameworks",
					"@loader_path/Frameworks",
				);
				PRODUCT_BUNDLE_IDENTIFIER = le.DYZBTests;
				PRODUCT_NAME = "$(TARGET_NAME)";
				SWIFT_VERSION = 5.0;
				TARGETED_DEVICE_FAMILY = "1,2";
				TEST_HOST = "$(BUILT_PRODUCTS_DIR)/DYZB.app/DYZB";
			};
			name = Debug;
		};
		7AC3F1E922B0F84400A2677C /* Release */ = {
			isa = XCBuildConfiguration;
			buildSettings = {
				ALWAYS_EMBED_SWIFT_STANDARD_LIBRARIES = YES;
				BUNDLE_LOADER = "$(TEST_HOST)";
				CODE_SIGN_STYLE = Automatic;
				DEVELOPMENT_TEAM = 8N4HN46RE4;
				INFOPLIST_FILE = DYZBTests/Info.plist;
				LD_RUNPATH_SEARCH_PATHS = (
					"$(inherited)",
					"@executable_path/Frameworks",
					"@loader_path/Frameworks",
				);
				PRODUCT_BUNDLE_IDENTIFIER = le.DYZBTests;
				PRODUCT_NAME = "$(TARGET_NAME)";
				SWIFT_VERSION = 5.0;
				TARGETED_DEVICE_FAMILY = "1,2";
				TEST_HOST = "$(BUILT_PRODUCTS_DIR)/DYZB.app/DYZB";
			};
			name = Release;
		};
		7AC3F1EB22B0F84400A2677C /* Debug */ = {
			isa = XCBuildConfiguration;
			buildSettings = {
				ALWAYS_EMBED_SWIFT_STANDARD_LIBRARIES = YES;
				CODE_SIGN_STYLE = Automatic;
				DEVELOPMENT_TEAM = 8N4HN46RE4;
				INFOPLIST_FILE = DYZBUITests/Info.plist;
				LD_RUNPATH_SEARCH_PATHS = (
					"$(inherited)",
					"@executable_path/Frameworks",
					"@loader_path/Frameworks",
				);
				PRODUCT_BUNDLE_IDENTIFIER = le.DYZBUITests;
				PRODUCT_NAME = "$(TARGET_NAME)";
				SWIFT_VERSION = 5.0;
				TARGETED_DEVICE_FAMILY = "1,2";
				TEST_TARGET_NAME = DYZB;
			};
			name = Debug;
		};
		7AC3F1EC22B0F84400A2677C /* Release */ = {
			isa = XCBuildConfiguration;
			buildSettings = {
				ALWAYS_EMBED_SWIFT_STANDARD_LIBRARIES = YES;
				CODE_SIGN_STYLE = Automatic;
				DEVELOPMENT_TEAM = 8N4HN46RE4;
				INFOPLIST_FILE = DYZBUITests/Info.plist;
				LD_RUNPATH_SEARCH_PATHS = (
					"$(inherited)",
					"@executable_path/Frameworks",
					"@loader_path/Frameworks",
				);
				PRODUCT_BUNDLE_IDENTIFIER = le.DYZBUITests;
				PRODUCT_NAME = "$(TARGET_NAME)";
				SWIFT_VERSION = 5.0;
				TARGETED_DEVICE_FAMILY = "1,2";
				TEST_TARGET_NAME = DYZB;
			};
			name = Release;
		};
/* End XCBuildConfiguration section */

/* Begin XCConfigurationList section */
		7AC3F1B522B0F84300A2677C /* Build configuration list for PBXProject "DYZB" */ = {
			isa = XCConfigurationList;
			buildConfigurations = (
				7AC3F1E222B0F84400A2677C /* Debug */,
				7AC3F1E322B0F84400A2677C /* Release */,
			);
			defaultConfigurationIsVisible = 0;
			defaultConfigurationName = Release;
		};
		7AC3F1E422B0F84400A2677C /* Build configuration list for PBXNativeTarget "DYZB" */ = {
			isa = XCConfigurationList;
			buildConfigurations = (
				7AC3F1E522B0F84400A2677C /* Debug */,
				7AC3F1E622B0F84400A2677C /* Release */,
			);
			defaultConfigurationIsVisible = 0;
			defaultConfigurationName = Release;
		};
		7AC3F1E722B0F84400A2677C /* Build configuration list for PBXNativeTarget "DYZBTests" */ = {
			isa = XCConfigurationList;
			buildConfigurations = (
				7AC3F1E822B0F84400A2677C /* Debug */,
				7AC3F1E922B0F84400A2677C /* Release */,
			);
			defaultConfigurationIsVisible = 0;
			defaultConfigurationName = Release;
		};
		7AC3F1EA22B0F84400A2677C /* Build configuration list for PBXNativeTarget "DYZBUITests" */ = {
			isa = XCConfigurationList;
			buildConfigurations = (
				7AC3F1EB22B0F84400A2677C /* Debug */,
				7AC3F1EC22B0F84400A2677C /* Release */,
			);
			defaultConfigurationIsVisible = 0;
			defaultConfigurationName = Release;
		};
/* End XCConfigurationList section */
	};
	rootObject = 7AC3F1B222B0F84300A2677C /* Project object */;
}
